{
  "name": "translator_plugin",
  "version": "1.0.0",
  "lockfileVersion": 1,
  "requires": true,
  "dependencies": {
    "@types/chrome": {
      "version": "0.0.57",
      "resolved": "https://registry.npmjs.org/@types/chrome/-/chrome-0.0.57.tgz",
      "integrity": "sha512-WCscFFCwXMgOkp/PEWxVU2QFDE4IF32yGXCGzx+WcRZsIqz45c9UhDqv+0aXLEH2XjaD/3kzg0rrFWcyR5px8g==",
      "requires": {
        "@types/filesystem": "0.0.28"
      }
    },
    "@types/filesystem": {
      "version": "0.0.28",
      "resolved": "https://registry.npmjs.org/@types/filesystem/-/filesystem-0.0.28.tgz",
      "integrity": "sha1-P9dzWDDyx0E8taxFeAvEWQRpew4=",
      "requires": {
        "@types/filewriter": "0.0.28"
      }
    },
    "@types/filewriter": {
      "version": "0.0.28",
      "resolved": "https://registry.npmjs.org/@types/filewriter/-/filewriter-0.0.28.tgz",
      "integrity": "sha1-wFTor02d11205jq8dviFFocU1LM="
    },
    "@types/jquery": {
      "version": "3.2.17",
      "resolved": "https://registry.npmjs.org/@types/jquery/-/jquery-3.2.17.tgz",
      "integrity": "sha512-lt8i2ZqymxxN1JnWSOTPU7Xc3ze32lhASkVdsMd6/SZnb/jtBsmFEoYCBSa0tzGDSyO7ZB+4r4aihj+KTlDs5w=="
    },
    "bootstrap": {
      "version": "4.0.0-beta.3",
      "resolved": "https://registry.npmjs.org/bootstrap/-/bootstrap-4.0.0-beta.3.tgz",
      "integrity": "sha512-/Qe1Q2d1muLEZRX2iCteMQHZBBAm6ZIjJ9FcBYK/xLr05+HvDtBOVBN+Cz7mCNZuy0zr+y5artZHM05W7mIz6g=="
    },
    "jquery": {
      "version": "3.2.1",
      "resolved": "https://registry.npmjs.org/jquery/-/jquery-3.2.1.tgz",
      "integrity": "sha1-XE2d5lKvbNCncBVKYxu6ErAVx4c="
    },
    "popper.js": {
      "version": "1.12.9",
      "resolved": "https://registry.npmjs.org/popper.js/-/popper.js-1.12.9.tgz",
      "integrity": "sha1-DfvC3/lsRRuzMu3Pz6r1ZtMx1bM="
    },
    "vue": {
      "version": "2.5.13",
      "resolved": "https://registry.npmjs.org/vue/-/vue-2.5.13.tgz",
      "integrity": "sha512-3D+lY7HTkKbtswDM4BBHgqyq+qo8IAEE8lz8va1dz3LLmttjgo0FxairO4r1iN2OBqk8o1FyL4hvzzTFEdQSEw=="
    }
  }
}
